<?xml version="1.0"?>
<CONFIG>
  <ProjectOptions>
    <Version Value="9"/>
    <PathDelim Value="\"/>
    <General>
      <MainUnit Value="0"/>
      <ResourceType Value="res"/>
      <UseXPManifest Value="True"/>
      <Icon Value="0"/>
      <ActiveWindowIndexAtStart Value="0"/>
    </General>
    <i18n>
      <EnableI18N LFM="False"/>
    </i18n>
    <VersionInfo>
      <StringTable ProductVersion=""/>
    </VersionInfo>
    <BuildModes Count="1" Active="Default">
      <Item1 Name="Default" Default="True"/>
    </BuildModes>
    <PublishOptions>
      <Version Value="2"/>
      <IncludeFileFilter Value="*.(pas|pp|inc|lfm|lpr|lrs|lpi|lpk|sh|xml)"/>
      <ExcludeFileFilter Value="*.(bak|ppu|o|so);*~;backup"/>
    </PublishOptions>
    <RunParams>
      <local>
        <FormatVersion Value="1"/>
      </local>
    </RunParams>
    <RequiredPackages Count="2">
      <Item1>
        <PackageName Value="bgrabitmappack"/>
        <MinVersion Major="2" Minor="4" Valid="True"/>
      </Item1>
      <Item2>
        <PackageName Value="LCL"/>
      </Item2>
    </RequiredPackages>
    <Units Count="29">
      <Unit0>
        <Filename Value="spline_editor.lpr"/>
        <IsPartOfProject Value="True"/>
        <UnitName Value="spline_editor"/>
        <WindowIndex Value="0"/>
        <TopLine Value="2"/>
        <CursorPos X="18" Y="16"/>
        <UsageCount Value="104"/>
      </Unit0>
      <Unit1>
        <Filename Value="umain.pas"/>
        <IsPartOfProject Value="True"/>
        <ComponentName Value="MainForm"/>
        <ResourceBaseClass Value="Form"/>
        <UnitName Value="umain"/>
        <EditorIndex Value="0"/>
        <WindowIndex Value="0"/>
        <TopLine Value="209"/>
        <CursorPos X="85" Y="218"/>
        <UsageCount Value="104"/>
        <Loaded Value="True"/>
        <LoadedDesigner Value="True"/>
      </Unit1>
      <Unit2>
        <Filename Value="C:\lazarus\lcl\controls.pp"/>
        <UnitName Value="Controls"/>
        <WindowIndex Value="0"/>
        <TopLine Value="136"/>
        <CursorPos X="3" Y="145"/>
        <UsageCount Value="9"/>
      </Unit2>
      <Unit3>
        <Filename Value="usplineeditor.pas"/>
        <IsPartOfProject Value="True"/>
        <UnitName Value="usplineeditor"/>
        <WindowIndex Value="0"/>
        <TopLine Value="1"/>
        <CursorPos X="3" Y="10"/>
        <UsageCount Value="101"/>
      </Unit3>
      <Unit4>
        <Filename Value="uview.pas"/>
        <IsPartOfProject Value="True"/>
        <UnitName Value="uview"/>
        <IsVisibleTab Value="True"/>
        <EditorIndex Value="2"/>
        <WindowIndex Value="0"/>
        <TopLine Value="93"/>
        <CursorPos X="30" Y="96"/>
        <UsageCount Value="101"/>
        <Loaded Value="True"/>
      </Unit4>
      <Unit5>
        <Filename Value="C:\lazarus\lcl\graphics.pp"/>
        <UnitName Value="Graphics"/>
        <WindowIndex Value="0"/>
        <TopLine Value="233"/>
        <CursorPos X="8" Y="249"/>
        <UsageCount Value="10"/>
      </Unit5>
      <Unit6>
        <Filename Value="nasha_vectors.pas"/>
        <IsPartOfProject Value="True"/>
        <UnitName Value="nasha_vectors"/>
        <EditorIndex Value="6"/>
        <WindowIndex Value="0"/>
        <TopLine Value="147"/>
        <CursorPos X="22" Y="162"/>
        <UsageCount Value="101"/>
        <Loaded Value="True"/>
      </Unit6>
      <Unit7>
        <Filename Value="nasha_math.pas"/>
        <IsPartOfProject Value="True"/>
        <UnitName Value="nasha_math"/>
        <EditorIndex Value="7"/>
        <WindowIndex Value="0"/>
        <TopLine Value="26"/>
        <CursorPos X="3" Y="42"/>
        <UsageCount Value="101"/>
        <Loaded Value="True"/>
      </Unit7>
      <Unit8>
        <Filename Value="nasha_matrices.pas"/>
        <IsPartOfProject Value="True"/>
        <UnitName Value="nasha_matrices"/>
        <EditorIndex Value="8"/>
        <WindowIndex Value="0"/>
        <TopLine Value="26"/>
        <CursorPos X="8" Y="37"/>
        <UsageCount Value="101"/>
        <Loaded Value="True"/>
      </Unit8>
      <Unit9>
        <Filename Value="nasha_primitives.pas"/>
        <IsPartOfProject Value="True"/>
        <UnitName Value="nasha_primitives"/>
        <EditorIndex Value="9"/>
        <WindowIndex Value="0"/>
        <TopLine Value="107"/>
        <CursorPos X="27" Y="113"/>
        <UsageCount Value="101"/>
        <Loaded Value="True"/>
      </Unit9>
      <Unit10>
        <Filename Value="uspline.pas"/>
        <IsPartOfProject Value="True"/>
        <UnitName Value="uspline"/>
        <EditorIndex Value="3"/>
        <WindowIndex Value="0"/>
        <TopLine Value="49"/>
        <CursorPos X="26" Y="11"/>
        <UsageCount Value="101"/>
        <Loaded Value="True"/>
      </Unit10>
      <Unit11>
        <Filename Value="usplinexml.pas"/>
        <IsPartOfProject Value="True"/>
        <UnitName Value="usplinexml"/>
        <EditorIndex Value="5"/>
        <WindowIndex Value="0"/>
        <TopLine Value="1"/>
        <CursorPos X="33" Y="13"/>
        <UsageCount Value="101"/>
        <Loaded Value="True"/>
      </Unit11>
      <Unit12>
        <Filename Value="G:\lib\pascal\lazpaint3.1\bgrabitmap\bgrabitmappack.pas"/>
        <UnitName Value="bgrabitmappack"/>
        <WindowIndex Value="0"/>
        <TopLine Value="1"/>
        <CursorPos X="1" Y="1"/>
        <UsageCount Value="5"/>
      </Unit12>
      <Unit13>
        <Filename Value="C:\lazarus\lcl\forms.pp"/>
        <UnitName Value="Forms"/>
        <WindowIndex Value="0"/>
        <TopLine Value="29"/>
        <CursorPos X="14" Y="1321"/>
        <UsageCount Value="6"/>
      </Unit13>
      <Unit14>
        <Filename Value="C:\lazarus\fpc\2.4.2\source\rtl\objpas\classes\classesh.inc"/>
        <WindowIndex Value="0"/>
        <TopLine Value="111"/>
        <CursorPos X="3" Y="120"/>
        <UsageCount Value="4"/>
      </Unit14>
      <Unit15>
        <Filename Value="G:\lib\pascal\lazpaint3.1\bgrabitmap\bgrabitmap.pas"/>
        <UnitName Value="BGRABitmap"/>
        <WindowIndex Value="0"/>
        <TopLine Value="56"/>
        <CursorPos X="22" Y="66"/>
        <UsageCount Value="6"/>
      </Unit15>
      <Unit16>
        <Filename Value="G:\lib\pascal\lazpaint3.1\bgrabitmap\bgrawinbitmap.pas"/>
        <UnitName Value="BGRAWinBitmap"/>
        <WindowIndex Value="0"/>
        <TopLine Value="26"/>
        <CursorPos X="32" Y="36"/>
        <UsageCount Value="6"/>
      </Unit16>
      <Unit17>
        <Filename Value="G:\lib\pascal\lazpaint3.1\bgrabitmap\bgradefaultbitmap.pas"/>
        <UnitName Value="BGRADefaultBitmap"/>
        <WindowIndex Value="0"/>
        <TopLine Value="198"/>
        <CursorPos X="75" Y="207"/>
        <UsageCount Value="11"/>
      </Unit17>
      <Unit18>
        <Filename Value="G:\lib\pascal\lazpaint3.1\bgrabitmap\bgrabitmaptypes.pas"/>
        <UnitName Value="BGRABitmapTypes"/>
        <WindowIndex Value="0"/>
        <TopLine Value="363"/>
        <CursorPos X="26" Y="377"/>
        <UsageCount Value="10"/>
      </Unit18>
      <Unit19>
        <Filename Value="G:\lib\pascal\lazpaint3.1\bgrabitmap\bgrapolygon.pas"/>
        <UnitName Value="BGRAPolygon"/>
        <WindowIndex Value="0"/>
        <TopLine Value="1097"/>
        <CursorPos X="46" Y="1100"/>
        <UsageCount Value="4"/>
      </Unit19>
      <Unit20>
        <Filename Value="C:\lazarus\fpc\2.4.2\source\rtl\inc\systemh.inc"/>
        <WindowIndex Value="0"/>
        <TopLine Value="847"/>
        <CursorPos X="11" Y="856"/>
        <UsageCount Value="4"/>
      </Unit20>
      <Unit21>
        <Filename Value="C:\lazarus\fpc\2.4.2\source\rtl\inc\objpash.inc"/>
        <WindowIndex Value="0"/>
        <TopLine Value="175"/>
        <CursorPos X="23" Y="185"/>
        <UsageCount Value="10"/>
      </Unit21>
      <Unit22>
        <Filename Value="G:\lib\pascal\lazpaint3.1\bgrabitmap\bgrapen.pas"/>
        <UnitName Value="BGRAPen"/>
        <WindowIndex Value="0"/>
        <TopLine Value="814"/>
        <CursorPos X="4" Y="825"/>
        <UsageCount Value="5"/>
      </Unit22>
      <Unit23>
        <Filename Value="C:\lazarus\fpc\2.4.2\source\packages\fcl-image\src\fpimage.pp"/>
        <UnitName Value="FPimage"/>
        <WindowIndex Value="0"/>
        <TopLine Value="83"/>
        <CursorPos X="3" Y="93"/>
        <UsageCount Value="5"/>
      </Unit23>
      <Unit24>
        <Filename Value="C:\lazarus\lcl\extctrls.pp"/>
        <UnitName Value="ExtCtrls"/>
        <WindowIndex Value="0"/>
        <TopLine Value="673"/>
        <CursorPos X="3" Y="683"/>
        <UsageCount Value="5"/>
      </Unit24>
      <Unit25>
        <Filename Value="C:\lazarus\lcl\lcltype.pp"/>
        <UnitName Value="LCLType"/>
        <WindowIndex Value="0"/>
        <TopLine Value="725"/>
        <CursorPos X="8" Y="739"/>
        <UsageCount Value="5"/>
      </Unit25>
      <Unit26>
        <Filename Value="umouse.pas"/>
        <IsPartOfProject Value="True"/>
        <UnitName Value="umouse"/>
        <EditorIndex Value="1"/>
        <WindowIndex Value="0"/>
        <TopLine Value="48"/>
        <CursorPos X="35" Y="58"/>
        <UsageCount Value="74"/>
        <Loaded Value="True"/>
      </Unit26>
      <Unit27>
        <Filename Value="usplinemodel.pas"/>
        <IsPartOfProject Value="True"/>
        <UnitName Value="usplinemodel"/>
        <EditorIndex Value="4"/>
        <WindowIndex Value="0"/>
        <TopLine Value="86"/>
        <CursorPos X="1" Y="98"/>
        <UsageCount Value="67"/>
        <Loaded Value="True"/>
      </Unit27>
      <Unit28>
        <Filename Value="D:\Delphi\PipelineGame\Workingdir\uMathUtils.pas"/>
        <UnitName Value="uMathUtils"/>
        <WindowIndex Value="0"/>
        <TopLine Value="88"/>
        <CursorPos X="80" Y="15"/>
        <UsageCount Value="7"/>
      </Unit28>
    </Units>
    <JumpHistory Count="28" HistoryIndex="27">
      <Position1>
        <Filename Value="umain.pas"/>
        <Caret Line="169" Column="1" TopLine="163"/>
      </Position1>
      <Position2>
        <Filename Value="umain.pas"/>
        <Caret Line="168" Column="80" TopLine="164"/>
      </Position2>
      <Position3>
        <Filename Value="umain.pas"/>
        <Caret Line="188" Column="3" TopLine="186"/>
      </Position3>
      <Position4>
        <Filename Value="umain.pas"/>
        <Caret Line="199" Column="3" TopLine="197"/>
      </Position4>
      <Position5>
        <Filename Value="uview.pas"/>
        <Caret Line="335" Column="14" TopLine="331"/>
      </Position5>
      <Position6>
        <Filename Value="uview.pas"/>
        <Caret Line="39" Column="21" TopLine="29"/>
      </Position6>
      <Position7>
        <Filename Value="uview.pas"/>
        <Caret Line="232" Column="31" TopLine="222"/>
      </Position7>
      <Position8>
        <Filename Value="uview.pas"/>
        <Caret Line="233" Column="28" TopLine="222"/>
      </Position8>
      <Position9>
        <Filename Value="uview.pas"/>
        <Caret Line="257" Column="27" TopLine="246"/>
      </Position9>
      <Position10>
        <Filename Value="uview.pas"/>
        <Caret Line="239" Column="25" TopLine="224"/>
      </Position10>
      <Position11>
        <Filename Value="uview.pas"/>
        <Caret Line="252" Column="15" TopLine="237"/>
      </Position11>
      <Position12>
        <Filename Value="nasha_vectors.pas"/>
        <Caret Line="85" Column="17" TopLine="74"/>
      </Position12>
      <Position13>
        <Filename Value="uview.pas"/>
        <Caret Line="257" Column="36" TopLine="248"/>
      </Position13>
      <Position14>
        <Filename Value="uview.pas"/>
        <Caret Line="228" Column="16" TopLine="227"/>
      </Position14>
      <Position15>
        <Filename Value="uview.pas"/>
        <Caret Line="231" Column="32" TopLine="221"/>
      </Position15>
      <Position16>
        <Filename Value="uview.pas"/>
        <Caret Line="269" Column="23" TopLine="257"/>
      </Position16>
      <Position17>
        <Filename Value="uview.pas"/>
        <Caret Line="248" Column="43" TopLine="356"/>
      </Position17>
      <Position18>
        <Filename Value="uview.pas"/>
        <Caret Line="231" Column="17" TopLine="222"/>
      </Position18>
      <Position19>
        <Filename Value="umain.pas"/>
        <Caret Line="224" Column="14" TopLine="209"/>
      </Position19>
      <Position20>
        <Filename Value="uview.pas"/>
        <Caret Line="264" Column="104" TopLine="248"/>
      </Position20>
      <Position21>
        <Filename Value="uview.pas"/>
        <Caret Line="82" Column="23" TopLine="70"/>
      </Position21>
      <Position22>
        <Filename Value="uview.pas"/>
        <Caret Line="131" Column="19" TopLine="120"/>
      </Position22>
      <Position23>
        <Filename Value="uview.pas"/>
        <Caret Line="32" Column="25" TopLine="23"/>
      </Position23>
      <Position24>
        <Filename Value="uview.pas"/>
        <Caret Line="445" Column="20" TopLine="434"/>
      </Position24>
      <Position25>
        <Filename Value="uview.pas"/>
        <Caret Line="187" Column="21" TopLine="178"/>
      </Position25>
      <Position26>
        <Filename Value="uview.pas"/>
        <Caret Line="450" Column="20" TopLine="447"/>
      </Position26>
      <Position27>
        <Filename Value="uview.pas"/>
        <Caret Line="200" Column="18" TopLine="189"/>
      </Position27>
      <Position28>
        <Filename Value="uview.pas"/>
        <Caret Line="45" Column="18" TopLine="38"/>
      </Position28>
    </JumpHistory>
  </ProjectOptions>
  <CompilerOptions>
    <Version Value="9"/>
    <PathDelim Value="\"/>
    <Target>
      <Filename Value="..\bin\spline_editor"/>
    </Target>
    <SearchPaths>
      <IncludeFiles Value="$(ProjOutDir)"/>
      <UnitOutputDirectory Value="..\lib\$(TargetCPU)-$(TargetOS)"/>
    </SearchPaths>
    <Linking>
      <Options>
        <Win32>
          <GraphicApplication Value="True"/>
        </Win32>
      </Options>
    </Linking>
    <Other>
      <CompilerMessages>
        <UseMsgFile Value="True"/>
      </CompilerMessages>
      <CompilerPath Value="$(CompPath)"/>
    </Other>
  </CompilerOptions>
  <Debugging>
    <Exceptions Count="3">
      <Item1>
        <Name Value="EAbort"/>
      </Item1>
      <Item2>
        <Name Value="ECodetoolError"/>
      </Item2>
      <Item3>
        <Name Value="EFOpenError"/>
      </Item3>
    </Exceptions>
  </Debugging>
</CONFIG>
