<?xml version="1.0"?>
<CONFIG>
  <ProjectOptions>
    <Version Value="9"/>
    <PathDelim Value="\"/>
    <General>
      <MainUnit Value="0"/>
      <Title Value="Spline Editor"/>
      <ResourceType Value="res"/>
      <UseXPManifest Value="True"/>
      <Icon Value="0"/>
      <ActiveWindowIndexAtStart Value="0"/>
    </General>
    <i18n>
      <EnableI18N LFM="False"/>
    </i18n>
    <VersionInfo>
      <StringTable ProductVersion=""/>
    </VersionInfo>
    <BuildModes Count="1" Active="Default">
      <Item1 Name="Default" Default="True"/>
    </BuildModes>
    <PublishOptions>
      <Version Value="2"/>
      <IncludeFileFilter Value="*.(pas|pp|inc|lfm|lpr|lrs|lpi|lpk|sh|xml)"/>
      <ExcludeFileFilter Value="*.(bak|ppu|o|so);*~;backup"/>
    </PublishOptions>
    <RunParams>
      <local>
        <FormatVersion Value="1"/>
        <LaunchingApplication PathPlusParams="\usr\bin\xterm -T 'Lazarus Run Output' -e $(LazarusDir)\tools\runwait.sh $(TargetCmdLine)"/>
      </local>
    </RunParams>
    <RequiredPackages Count="2">
      <Item1>
        <PackageName Value="bgrabitmappack"/>
        <MinVersion Major="2" Minor="4" Valid="True"/>
      </Item1>
      <Item2>
        <PackageName Value="LCL"/>
      </Item2>
    </RequiredPackages>
    <Units Count="41">
      <Unit0>
        <Filename Value="spline_editor.lpr"/>
        <IsPartOfProject Value="True"/>
        <UnitName Value="spline_editor"/>
        <WindowIndex Value="0"/>
        <TopLine Value="6"/>
        <CursorPos X="8" Y="24"/>
        <UsageCount Value="173"/>
      </Unit0>
      <Unit1>
        <Filename Value="umain.pas"/>
        <IsPartOfProject Value="True"/>
        <ComponentName Value="MainForm"/>
        <ResourceBaseClass Value="Form"/>
        <UnitName Value="umain"/>
        <IsVisibleTab Value="True"/>
        <EditorIndex Value="0"/>
        <WindowIndex Value="0"/>
        <TopLine Value="378"/>
        <CursorPos X="32" Y="393"/>
        <UsageCount Value="173"/>
        <Loaded Value="True"/>
        <LoadedDesigner Value="True"/>
      </Unit1>
      <Unit2>
        <Filename Value="C:\lazarus\lcl\controls.pp"/>
        <UnitName Value="Controls"/>
        <WindowIndex Value="0"/>
        <TopLine Value="1812"/>
        <CursorPos X="15" Y="1822"/>
        <UsageCount Value="5"/>
      </Unit2>
      <Unit3>
        <Filename Value="usplineeditor.pas"/>
        <IsPartOfProject Value="True"/>
        <UnitName Value="usplineeditor"/>
        <WindowIndex Value="0"/>
        <TopLine Value="1"/>
        <CursorPos X="3" Y="10"/>
        <UsageCount Value="170"/>
      </Unit3>
      <Unit4>
        <Filename Value="uview.pas"/>
        <IsPartOfProject Value="True"/>
        <UnitName Value="uview"/>
        <EditorIndex Value="3"/>
        <WindowIndex Value="0"/>
        <TopLine Value="227"/>
        <CursorPos X="20" Y="233"/>
        <UsageCount Value="170"/>
        <Loaded Value="True"/>
      </Unit4>
      <Unit5>
        <Filename Value="C:\lazarus\lcl\graphics.pp"/>
        <UnitName Value="Graphics"/>
        <WindowIndex Value="0"/>
        <TopLine Value="233"/>
        <CursorPos X="8" Y="249"/>
        <UsageCount Value="3"/>
      </Unit5>
      <Unit6>
        <Filename Value="nasha_vectors.pas"/>
        <IsPartOfProject Value="True"/>
        <UnitName Value="nasha_vectors"/>
        <EditorIndex Value="7"/>
        <WindowIndex Value="0"/>
        <TopLine Value="145"/>
        <CursorPos X="1" Y="392"/>
        <UsageCount Value="170"/>
        <Loaded Value="True"/>
      </Unit6>
      <Unit7>
        <Filename Value="nasha_math.pas"/>
        <IsPartOfProject Value="True"/>
        <UnitName Value="nasha_math"/>
        <EditorIndex Value="8"/>
        <WindowIndex Value="0"/>
        <TopLine Value="115"/>
        <CursorPos X="24" Y="128"/>
        <UsageCount Value="170"/>
        <Loaded Value="True"/>
      </Unit7>
      <Unit8>
        <Filename Value="nasha_matrices.pas"/>
        <IsPartOfProject Value="True"/>
        <UnitName Value="nasha_matrices"/>
        <EditorIndex Value="9"/>
        <WindowIndex Value="0"/>
        <TopLine Value="26"/>
        <CursorPos X="8" Y="37"/>
        <UsageCount Value="170"/>
        <Loaded Value="True"/>
      </Unit8>
      <Unit9>
        <Filename Value="nasha_primitives.pas"/>
        <IsPartOfProject Value="True"/>
        <UnitName Value="nasha_primitives"/>
        <EditorIndex Value="10"/>
        <WindowIndex Value="0"/>
        <TopLine Value="134"/>
        <CursorPos X="25" Y="148"/>
        <UsageCount Value="170"/>
        <Loaded Value="True"/>
      </Unit9>
      <Unit10>
        <Filename Value="uspline.pas"/>
        <IsPartOfProject Value="True"/>
        <UnitName Value="uspline"/>
        <EditorIndex Value="6"/>
        <WindowIndex Value="0"/>
        <TopLine Value="33"/>
        <CursorPos X="47" Y="43"/>
        <UsageCount Value="170"/>
        <Loaded Value="True"/>
      </Unit10>
      <Unit11>
        <Filename Value="usplinexml.pas"/>
        <IsPartOfProject Value="True"/>
        <UnitName Value="usplinexml"/>
        <EditorIndex Value="1"/>
        <WindowIndex Value="0"/>
        <TopLine Value="118"/>
        <CursorPos X="74" Y="110"/>
        <UsageCount Value="170"/>
        <Loaded Value="True"/>
      </Unit11>
      <Unit12>
        <Filename Value="G:\lib\pascal\lazpaint3.1\bgrabitmap\bgrabitmappack.pas"/>
        <UnitName Value="bgrabitmappack"/>
        <WindowIndex Value="0"/>
        <TopLine Value="1"/>
        <CursorPos X="1" Y="1"/>
        <UsageCount Value="8"/>
      </Unit12>
      <Unit13>
        <Filename Value="C:\lazarus\lcl\forms.pp"/>
        <UnitName Value="Forms"/>
        <WindowIndex Value="0"/>
        <TopLine Value="591"/>
        <CursorPos X="18" Y="601"/>
        <UsageCount Value="5"/>
      </Unit13>
      <Unit14>
        <Filename Value="G:\lib\pascal\lazpaint3.1\bgrabitmap\bgrabitmap.pas"/>
        <UnitName Value="BGRABitmap"/>
        <WindowIndex Value="0"/>
        <TopLine Value="56"/>
        <CursorPos X="22" Y="66"/>
        <UsageCount Value="9"/>
      </Unit14>
      <Unit15>
        <Filename Value="G:\lib\pascal\lazpaint3.1\bgrabitmap\bgrawinbitmap.pas"/>
        <UnitName Value="BGRAWinBitmap"/>
        <WindowIndex Value="0"/>
        <TopLine Value="26"/>
        <CursorPos X="32" Y="36"/>
        <UsageCount Value="9"/>
      </Unit15>
      <Unit16>
        <Filename Value="G:\lib\pascal\lazpaint3.1\bgrabitmap\bgradefaultbitmap.pas"/>
        <UnitName Value="BGRADefaultBitmap"/>
        <WindowIndex Value="0"/>
        <TopLine Value="198"/>
        <CursorPos X="75" Y="207"/>
        <UsageCount Value="4"/>
      </Unit16>
      <Unit17>
        <Filename Value="G:\lib\pascal\lazpaint3.1\bgrabitmap\bgrabitmaptypes.pas"/>
        <UnitName Value="BGRABitmapTypes"/>
        <WindowIndex Value="0"/>
        <TopLine Value="363"/>
        <CursorPos X="26" Y="377"/>
        <UsageCount Value="3"/>
      </Unit17>
      <Unit18>
        <Filename Value="C:\lazarus\fpc\2.4.2\source\rtl\inc\systemh.inc"/>
        <WindowIndex Value="0"/>
        <TopLine Value="511"/>
        <CursorPos X="11" Y="521"/>
        <UsageCount Value="4"/>
      </Unit18>
      <Unit19>
        <Filename Value="C:\lazarus\fpc\2.4.2\source\rtl\inc\objpash.inc"/>
        <WindowIndex Value="0"/>
        <TopLine Value="175"/>
        <CursorPos X="23" Y="185"/>
        <UsageCount Value="4"/>
      </Unit19>
      <Unit20>
        <Filename Value="G:\lib\pascal\lazpaint3.1\bgrabitmap\bgrapen.pas"/>
        <UnitName Value="BGRAPen"/>
        <WindowIndex Value="0"/>
        <TopLine Value="825"/>
        <CursorPos X="1" Y="835"/>
        <UsageCount Value="5"/>
      </Unit20>
      <Unit21>
        <Filename Value="C:\lazarus\fpc\2.4.2\source\packages\fcl-image\src\fpimage.pp"/>
        <UnitName Value="FPimage"/>
        <WindowIndex Value="0"/>
        <TopLine Value="83"/>
        <CursorPos X="3" Y="93"/>
        <UsageCount Value="8"/>
      </Unit21>
      <Unit22>
        <Filename Value="C:\lazarus\lcl\extctrls.pp"/>
        <UnitName Value="ExtCtrls"/>
        <WindowIndex Value="0"/>
        <TopLine Value="673"/>
        <CursorPos X="3" Y="683"/>
        <UsageCount Value="8"/>
      </Unit22>
      <Unit23>
        <Filename Value="C:\lazarus\lcl\lcltype.pp"/>
        <UnitName Value="LCLType"/>
        <WindowIndex Value="0"/>
        <TopLine Value="725"/>
        <CursorPos X="8" Y="739"/>
        <UsageCount Value="8"/>
      </Unit23>
      <Unit24>
        <Filename Value="umouse.pas"/>
        <IsPartOfProject Value="True"/>
        <UnitName Value="umouse"/>
        <EditorIndex Value="2"/>
        <WindowIndex Value="0"/>
        <TopLine Value="80"/>
        <CursorPos X="28" Y="96"/>
        <UsageCount Value="143"/>
        <Loaded Value="True"/>
      </Unit24>
      <Unit25>
        <Filename Value="usplinemodel.pas"/>
        <IsPartOfProject Value="True"/>
        <UnitName Value="usplinemodel"/>
        <EditorIndex Value="5"/>
        <WindowIndex Value="0"/>
        <TopLine Value="1"/>
        <CursorPos X="7" Y="9"/>
        <UsageCount Value="136"/>
        <Loaded Value="True"/>
      </Unit25>
      <Unit26>
        <Filename Value="D:\Delphi\PipelineGame\Workingdir\uMathUtils.pas"/>
        <UnitName Value="uMathUtils"/>
        <WindowIndex Value="0"/>
        <TopLine Value="88"/>
        <CursorPos X="80" Y="15"/>
        <UsageCount Value="0"/>
      </Unit26>
      <Unit27>
        <Filename Value="uscaleform.pas"/>
        <IsPartOfProject Value="True"/>
        <ComponentName Value="ScaleForm"/>
        <ResourceBaseClass Value="Form"/>
        <UnitName Value="uscaleform"/>
        <WindowIndex Value="0"/>
        <TopLine Value="29"/>
        <CursorPos X="19" Y="45"/>
        <UsageCount Value="89"/>
      </Unit27>
      <Unit28>
        <Filename Value="umoveform.pas"/>
        <IsPartOfProject Value="True"/>
        <ComponentName Value="MoveForm"/>
        <ResourceBaseClass Value="Form"/>
        <UnitName Value="umoveform"/>
        <WindowIndex Value="0"/>
        <TopLine Value="29"/>
        <CursorPos X="11" Y="44"/>
        <UsageCount Value="88"/>
      </Unit28>
      <Unit29>
        <Filename Value="C:\lazarus\lcl\include\customform.inc"/>
        <WindowIndex Value="0"/>
        <TopLine Value="2616"/>
        <CursorPos X="1" Y="2626"/>
        <UsageCount Value="4"/>
      </Unit29>
      <Unit30>
        <Filename Value="C:\lazarus\lcl\include\control.inc"/>
        <WindowIndex Value="0"/>
        <TopLine Value="2279"/>
        <CursorPos X="1" Y="2289"/>
        <UsageCount Value="4"/>
      </Unit30>
      <Unit31>
        <Filename Value="C:\lazarus\lcl\include\buttoncontrol.inc"/>
        <WindowIndex Value="0"/>
        <TopLine Value="75"/>
        <CursorPos X="20" Y="96"/>
        <UsageCount Value="4"/>
      </Unit31>
      <Unit32>
        <Filename Value="C:\lazarus\lcl\include\spinedit.inc"/>
        <WindowIndex Value="0"/>
        <TopLine Value="104"/>
        <CursorPos X="88" Y="118"/>
        <UsageCount Value="5"/>
      </Unit32>
      <Unit33>
        <Filename Value="uviewplane.pas"/>
        <IsPartOfProject Value="True"/>
        <UnitName Value="uviewplane"/>
        <EditorIndex Value="4"/>
        <WindowIndex Value="0"/>
        <TopLine Value="1"/>
        <CursorPos X="35" Y="7"/>
        <UsageCount Value="75"/>
        <Loaded Value="True"/>
      </Unit33>
      <Unit34>
        <Filename Value="C:\lazarus\lcl\spin.pp"/>
        <UnitName Value="Spin"/>
        <WindowIndex Value="0"/>
        <TopLine Value="53"/>
        <CursorPos X="18" Y="63"/>
        <UsageCount Value="5"/>
      </Unit34>
      <Unit35>
        <Filename Value="C:\lazarus\fpc\2.4.2\source\packages\fcl-xml\src\xmlwrite.pp"/>
        <UnitName Value="XMLWrite"/>
        <WindowIndex Value="0"/>
        <TopLine Value="17"/>
        <CursorPos X="14" Y="23"/>
        <UsageCount Value="8"/>
      </Unit35>
      <Unit36>
        <Filename Value="C:\lazarus\fpc\2.4.2\source\rtl\objpas\classes\classesh.inc"/>
        <WindowIndex Value="0"/>
        <TopLine Value="65"/>
        <CursorPos X="11" Y="76"/>
        <UsageCount Value="8"/>
      </Unit36>
      <Unit37>
        <Filename Value="C:\lazarus\fpc\2.4.2\source\packages\fcl-xml\src\dom.pp"/>
        <UnitName Value="DOM"/>
        <WindowIndex Value="0"/>
        <TopLine Value="577"/>
        <CursorPos X="26" Y="591"/>
        <UsageCount Value="8"/>
      </Unit37>
      <Unit38>
        <Filename Value="..\..\..\lib\pascal\lazpaint3.1\bgrabitmap\bgrabitmaptypes.pas"/>
        <UnitName Value="BGRABitmapTypes"/>
        <WindowIndex Value="0"/>
        <TopLine Value="343"/>
        <CursorPos X="375" Y="350"/>
        <UsageCount Value="9"/>
      </Unit38>
      <Unit39>
        <Filename Value="..\..\..\..\..\usr\share\fpcsrc\2.4.2\packages\fcl-image\src\fpimage.pp"/>
        <UnitName Value="FPimage"/>
        <WindowIndex Value="0"/>
        <TopLine Value="141"/>
        <CursorPos X="5" Y="96"/>
        <UsageCount Value="9"/>
      </Unit39>
      <Unit40>
        <Filename Value="..\..\..\..\..\usr\lib\lazarus\0.9.30\lcl\include\spinedit.inc"/>
        <WindowIndex Value="0"/>
        <TopLine Value="118"/>
        <CursorPos X="1" Y="134"/>
        <UsageCount Value="10"/>
      </Unit40>
    </Units>
    <JumpHistory Count="30" HistoryIndex="29">
      <Position1>
        <Filename Value="uview.pas"/>
        <Caret Line="102" Column="14" TopLine="87"/>
      </Position1>
      <Position2>
        <Filename Value="uview.pas"/>
        <Caret Line="157" Column="57" TopLine="149"/>
      </Position2>
      <Position3>
        <Filename Value="uview.pas"/>
        <Caret Line="164" Column="16" TopLine="156"/>
      </Position3>
      <Position4>
        <Filename Value="uview.pas"/>
        <Caret Line="171" Column="42" TopLine="163"/>
      </Position4>
      <Position5>
        <Filename Value="uview.pas"/>
        <Caret Line="185" Column="62" TopLine="177"/>
      </Position5>
      <Position6>
        <Filename Value="uview.pas"/>
        <Caret Line="187" Column="52" TopLine="177"/>
      </Position6>
      <Position7>
        <Filename Value="uview.pas"/>
        <Caret Line="262" Column="35" TopLine="254"/>
      </Position7>
      <Position8>
        <Filename Value="uview.pas"/>
        <Caret Line="328" Column="27" TopLine="320"/>
      </Position8>
      <Position9>
        <Filename Value="uview.pas"/>
        <Caret Line="344" Column="44" TopLine="336"/>
      </Position9>
      <Position10>
        <Filename Value="uview.pas"/>
        <Caret Line="358" Column="49" TopLine="350"/>
      </Position10>
      <Position11>
        <Filename Value="uview.pas"/>
        <Caret Line="360" Column="57" TopLine="350"/>
      </Position11>
      <Position12>
        <Filename Value="uview.pas"/>
        <Caret Line="361" Column="43" TopLine="350"/>
      </Position12>
      <Position13>
        <Filename Value="uview.pas"/>
        <Caret Line="362" Column="45" TopLine="350"/>
      </Position13>
      <Position14>
        <Filename Value="uview.pas"/>
        <Caret Line="363" Column="30" TopLine="357"/>
      </Position14>
      <Position15>
        <Filename Value="uview.pas"/>
        <Caret Line="373" Column="59" TopLine="358"/>
      </Position15>
      <Position16>
        <Filename Value="uview.pas"/>
        <Caret Line="385" Column="75" TopLine="370"/>
      </Position16>
      <Position17>
        <Filename Value="uview.pas"/>
        <Caret Line="394" Column="64" TopLine="379"/>
      </Position17>
      <Position18>
        <Filename Value="uview.pas"/>
        <Caret Line="404" Column="82" TopLine="389"/>
      </Position18>
      <Position19>
        <Filename Value="uview.pas"/>
        <Caret Line="420" Column="36" TopLine="405"/>
      </Position19>
      <Position20>
        <Filename Value="uview.pas"/>
        <Caret Line="421" Column="52" TopLine="406"/>
      </Position20>
      <Position21>
        <Filename Value="uview.pas"/>
        <Caret Line="431" Column="42" TopLine="416"/>
      </Position21>
      <Position22>
        <Filename Value="uview.pas"/>
        <Caret Line="319" Column="62" TopLine="307"/>
      </Position22>
      <Position23>
        <Filename Value="uview.pas"/>
        <Caret Line="93" Column="8" TopLine="81"/>
      </Position23>
      <Position24>
        <Filename Value="uview.pas"/>
        <Caret Line="356" Column="19" TopLine="350"/>
      </Position24>
      <Position25>
        <Filename Value="uview.pas"/>
        <Caret Line="329" Column="20" TopLine="322"/>
      </Position25>
      <Position26>
        <Filename Value="usplinemodel.pas"/>
        <Caret Line="145" Column="16" TopLine="136"/>
      </Position26>
      <Position27>
        <Filename Value="usplinemodel.pas"/>
        <Caret Line="251" Column="16" TopLine="245"/>
      </Position27>
      <Position28>
        <Filename Value="usplinemodel.pas"/>
        <Caret Line="51" Column="1" TopLine="40"/>
      </Position28>
      <Position29>
        <Filename Value="umain.pas"/>
        <Caret Line="11" Column="25" TopLine="1"/>
      </Position29>
      <Position30>
        <Filename Value="umain.pas"/>
        <Caret Line="351" Column="45" TopLine="339"/>
      </Position30>
    </JumpHistory>
  </ProjectOptions>
  <CompilerOptions>
    <Version Value="9"/>
    <PathDelim Value="\"/>
    <Target>
      <Filename Value="..\bin\spline_editor"/>
    </Target>
    <SearchPaths>
      <IncludeFiles Value="$(ProjOutDir)"/>
      <UnitOutputDirectory Value="..\lib\$(TargetCPU)-$(TargetOS)"/>
    </SearchPaths>
    <Linking>
      <Options>
        <Win32>
          <GraphicApplication Value="True"/>
        </Win32>
      </Options>
    </Linking>
    <Other>
      <CompilerMessages>
        <UseMsgFile Value="True"/>
      </CompilerMessages>
      <CompilerPath Value="$(CompPath)"/>
    </Other>
  </CompilerOptions>
  <Debugging>
    <Watches Count="2">
      <Item1>
        <Expression Value="end"/>
      </Item1>
      <Item2>
        <Expression Value="edtUpVecAngle"/>
      </Item2>
    </Watches>
    <Exceptions Count="3">
      <Item1>
        <Name Value="EAbort"/>
      </Item1>
      <Item2>
        <Name Value="ECodetoolError"/>
      </Item2>
      <Item3>
        <Name Value="EFOpenError"/>
      </Item3>
    </Exceptions>
  </Debugging>
</CONFIG>